
Microsoft Visual Studio Solution File, Format Version 12.00
# Visual Studio 15
VisualStudioVersion = 15.0.27130.2036
MinimumVisualStudioVersion = 10.0.40219.1
Project("{FAE04EC0-301F-11D3-BF4B-00C04F79EFBC}") = "PokemonFunctions", "PokemonFunctions\PokemonFunctions.csproj", "{380774EE-B4EC-4770-B97D-3EBA187D6439}"
EndProject
Global
	GlobalSection(SolutionConfigurationPlatforms) = preSolution
		Debug|Any CPU = Debug|Any CPU
		Release|Any CPU = Release|Any CPU
	EndGlobalSection
	GlobalSection(ProjectConfigurationPlatforms) = postSolution
		{380774EE-B4EC-4770-B97D-3EBA187D6439}.Debug|Any CPU.ActiveCfg = Debug|Any CPU
		{380774EE-B4EC-4770-B97D-3EBA187D6439}.Debug|Any CPU.Build.0 = Debug|Any CPU
		{380774EE-B4EC-4770-B97D-3EBA187D6439}.Release|Any CPU.ActiveCfg = Release|Any CPU
		{380774EE-B4EC-4770-B97D-3EBA187D6439}.Release|Any CPU.Build.0 = Release|Any CPU
	EndGlobalSection
	GlobalSection(SolutionProperties) = preSolution
		HideSolutionNode = FALSE
	EndGlobalSection
	GlobalSection(ExtensibilityGlobals) = postSolution
		SolutionGuid = {E3C7ACB6-96FD-4038-A062-85C92F87BD47}
	EndGlobalSection
EndGlobal
